// !$*UTF8*$!
{
	archiveVersion = 1;
	classes = {
	};
	objectVersion = 56;
	objects = {

/* Begin PBXBuildFile section */
		2ED1E4B32C010D7F0073AF9A /* RankComponent.swift in Sources */ = {isa = PBXBuildFile; fileRef = 2ED1E4B22C010D7F0073AF9A /* RankComponent.swift */; };
		2ED1E4B52C0119210073AF9A /* RankView.swift in Sources */ = {isa = PBXBuildFile; fileRef = 2ED1E4B42C0119210073AF9A /* RankView.swift */; };
		2ED1E4B82C0524210073AF9A /* RankRecruit.swift in Sources */ = {isa = PBXBuildFile; fileRef = 2ED1E4B72C0524210073AF9A /* RankRecruit.swift */; };
		2ED1E4BA2C0524B10073AF9A /* RankNoob.swift in Sources */ = {isa = PBXBuildFile; fileRef = 2ED1E4B92C0524B10073AF9A /* RankNoob.swift */; };
		2ED1E4BC2C0524DE0073AF9A /* RankTactical.swift in Sources */ = {isa = PBXBuildFile; fileRef = 2ED1E4BB2C0524DE0073AF9A /* RankTactical.swift */; };
		2ED1E4BE2C0524F80073AF9A /* RankSpecial.swift in Sources */ = {isa = PBXBuildFile; fileRef = 2ED1E4BD2C0524F80073AF9A /* RankSpecial.swift */; };
		2ED1E4C02C0525060073AF9A /* RankMaster.swift in Sources */ = {isa = PBXBuildFile; fileRef = 2ED1E4BF2C0525060073AF9A /* RankMaster.swift */; };
		2EE53CB02BFFC3A50071559A /* InventoryComponent.swift in Sources */ = {isa = PBXBuildFile; fileRef = 2EE53CAF2BFFC3A50071559A /* InventoryComponent.swift */; };
		4019DD862BFBD09700AA61D9 /* Model.swift in Sources */ = {isa = PBXBuildFile; fileRef = 4019DD852BFBD09700AA61D9 /* Model.swift */; };
		4019DD8A2BFBD41100AA61D9 /* BPMComponent.swift in Sources */ = {isa = PBXBuildFile; fileRef = 4019DD892BFBD41100AA61D9 /* BPMComponent.swift */; };
		406954A42C0007D500105FF3 /* TotalDistanceComponent.swift in Sources */ = {isa = PBXBuildFile; fileRef = 406954A32C0007D500105FF3 /* TotalDistanceComponent.swift */; };
		4095670C2BFD1B0A00B9A506 /* HealthKitManager.swift in Sources */ = {isa = PBXBuildFile; fileRef = 4095670B2BFD1B0A00B9A506 /* HealthKitManager.swift */; };
		409567102BFD25D600B9A506 /* DistanceView.swift in Sources */ = {isa = PBXBuildFile; fileRef = 4095670F2BFD25D600B9A506 /* DistanceView.swift */; };
		4099E1022BF7EC56002A9440 /* MiniChallenge05 Watch App.app in Embed Watch Content */ = {isa = PBXBuildFile; fileRef = 4099E1012BF7EC56002A9440 /* MiniChallenge05 Watch App.app */; settings = {ATTRIBUTES = (RemoveHeadersOnCopy, ); }; };
		4099E1072BF7EC56002A9440 /* MiniChallenge05App.swift in Sources */ = {isa = PBXBuildFile; fileRef = 4099E1062BF7EC56002A9440 /* MiniChallenge05App.swift */; };
		4099E1092BF7EC56002A9440 /* ContentView.swift in Sources */ = {isa = PBXBuildFile; fileRef = 4099E1082BF7EC56002A9440 /* ContentView.swift */; };
		4099E10B2BF7EC57002A9440 /* Assets.xcassets in Resources */ = {isa = PBXBuildFile; fileRef = 4099E10A2BF7EC57002A9440 /* Assets.xcassets */; };
		4099E10E2BF7EC57002A9440 /* Preview Assets.xcassets in Resources */ = {isa = PBXBuildFile; fileRef = 4099E10D2BF7EC57002A9440 /* Preview Assets.xcassets */; };
		40A502112BFE6BA0000B1D57 /* RewardManager.swift in Sources */ = {isa = PBXBuildFile; fileRef = 40A502102BFE6BA0000B1D57 /* RewardManager.swift */; };
		43A9F8A32BFFC24D005AEE82 /* ItemSearchComponent.swift in Sources */ = {isa = PBXBuildFile; fileRef = 43A9F8A22BFFC24D005AEE82 /* ItemSearchComponent.swift */; };
		81AED6122BFE689E005F471D /* DailyMissionComponent.swift in Sources */ = {isa = PBXBuildFile; fileRef = 81AED6112BFE689E005F471D /* DailyMissionComponent.swift */; };
		81AED6162C05001C005F471D /* MissionCounterComponent.swift in Sources */ = {isa = PBXBuildFile; fileRef = 81AED6152C05001C005F471D /* MissionCounterComponent.swift */; };
		81AED61C2C07AEE9005F471D /* AgentProgressView.swift in Sources */ = {isa = PBXBuildFile; fileRef = 81AED61B2C07AEE9005F471D /* AgentProgressView.swift */; };
		81AED61E2C07B245005F471D /* MainView.swift in Sources */ = {isa = PBXBuildFile; fileRef = 81AED61D2C07B245005F471D /* MainView.swift */; };
		81AED6232C0E3685005F471D /* CircularProgressComponent.swift in Sources */ = {isa = PBXBuildFile; fileRef = 81AED6222C0E3685005F471D /* CircularProgressComponent.swift */; };
		81AED6252C0E36D6005F471D /* CircularInformationComponent.swift in Sources */ = {isa = PBXBuildFile; fileRef = 81AED6242C0E36D6005F471D /* CircularInformationComponent.swift */; };
		81AED6292C0E3A13005F471D /* Color.swift in Sources */ = {isa = PBXBuildFile; fileRef = 81AED6282C0E3A13005F471D /* Color.swift */; };
		81AED62B2C0E3D4E005F471D /* Localizable.xcstrings in Resources */ = {isa = PBXBuildFile; fileRef = 81AED62A2C0E3D4E005F471D /* Localizable.xcstrings */; };
/* End PBXBuildFile section */

/* Begin PBXContainerItemProxy section */
		4099E1032BF7EC56002A9440 /* PBXContainerItemProxy */ = {
			isa = PBXContainerItemProxy;
			containerPortal = 4099E0F52BF7EC56002A9440 /* Project object */;
			proxyType = 1;
			remoteGlobalIDString = 4099E1002BF7EC56002A9440;
			remoteInfo = "MiniChallenge05 Watch App";
		};
/* End PBXContainerItemProxy section */

/* Begin PBXCopyFilesBuildPhase section */
		4099E1142BF7EC57002A9440 /* Embed Watch Content */ = {
			isa = PBXCopyFilesBuildPhase;
			buildActionMask = 2147483647;
			dstPath = "$(CONTENTS_FOLDER_PATH)/Watch";
			dstSubfolderSpec = 16;
			files = (
				4099E1022BF7EC56002A9440 /* MiniChallenge05 Watch App.app in Embed Watch Content */,
			);
			name = "Embed Watch Content";
			runOnlyForDeploymentPostprocessing = 0;
		};
/* End PBXCopyFilesBuildPhase section */

/* Begin PBXFileReference section */
		2ED1E4B22C010D7F0073AF9A /* RankComponent.swift */ = {isa = PBXFileReference; lastKnownFileType = sourcecode.swift; path = RankComponent.swift; sourceTree = "<group>"; };
		2ED1E4B42C0119210073AF9A /* RankView.swift */ = {isa = PBXFileReference; lastKnownFileType = sourcecode.swift; path = RankView.swift; sourceTree = "<group>"; };
		2ED1E4B72C0524210073AF9A /* RankRecruit.swift */ = {isa = PBXFileReference; lastKnownFileType = sourcecode.swift; path = RankRecruit.swift; sourceTree = "<group>"; };
		2ED1E4B92C0524B10073AF9A /* RankNoob.swift */ = {isa = PBXFileReference; lastKnownFileType = sourcecode.swift; path = RankNoob.swift; sourceTree = "<group>"; };
		2ED1E4BB2C0524DE0073AF9A /* RankTactical.swift */ = {isa = PBXFileReference; lastKnownFileType = sourcecode.swift; path = RankTactical.swift; sourceTree = "<group>"; };
		2ED1E4BD2C0524F80073AF9A /* RankSpecial.swift */ = {isa = PBXFileReference; lastKnownFileType = sourcecode.swift; path = RankSpecial.swift; sourceTree = "<group>"; };
		2ED1E4BF2C0525060073AF9A /* RankMaster.swift */ = {isa = PBXFileReference; lastKnownFileType = sourcecode.swift; path = RankMaster.swift; sourceTree = "<group>"; };
		2EE53CAF2BFFC3A50071559A /* InventoryComponent.swift */ = {isa = PBXFileReference; lastKnownFileType = sourcecode.swift; path = InventoryComponent.swift; sourceTree = "<group>"; };
		4019DD852BFBD09700AA61D9 /* Model.swift */ = {isa = PBXFileReference; lastKnownFileType = sourcecode.swift; path = Model.swift; sourceTree = "<group>"; };
		4019DD892BFBD41100AA61D9 /* BPMComponent.swift */ = {isa = PBXFileReference; lastKnownFileType = sourcecode.swift; path = BPMComponent.swift; sourceTree = "<group>"; };
		406954A32C0007D500105FF3 /* TotalDistanceComponent.swift */ = {isa = PBXFileReference; lastKnownFileType = sourcecode.swift; path = TotalDistanceComponent.swift; sourceTree = "<group>"; };
		4095670B2BFD1B0A00B9A506 /* HealthKitManager.swift */ = {isa = PBXFileReference; lastKnownFileType = sourcecode.swift; path = HealthKitManager.swift; sourceTree = "<group>"; };
		4095670F2BFD25D600B9A506 /* DistanceView.swift */ = {isa = PBXFileReference; lastKnownFileType = sourcecode.swift; path = DistanceView.swift; sourceTree = "<group>"; };
		4099E0FB2BF7EC56002A9440 /* MiniChallenge05.app */ = {isa = PBXFileReference; explicitFileType = wrapper.application; includeInIndex = 0; path = MiniChallenge05.app; sourceTree = BUILT_PRODUCTS_DIR; };
		4099E1012BF7EC56002A9440 /* MiniChallenge05 Watch App.app */ = {isa = PBXFileReference; explicitFileType = wrapper.application; includeInIndex = 0; path = "MiniChallenge05 Watch App.app"; sourceTree = BUILT_PRODUCTS_DIR; };
		4099E1062BF7EC56002A9440 /* MiniChallenge05App.swift */ = {isa = PBXFileReference; lastKnownFileType = sourcecode.swift; path = MiniChallenge05App.swift; sourceTree = "<group>"; };
		4099E1082BF7EC56002A9440 /* ContentView.swift */ = {isa = PBXFileReference; lastKnownFileType = sourcecode.swift; path = ContentView.swift; sourceTree = "<group>"; };
		4099E10A2BF7EC57002A9440 /* Assets.xcassets */ = {isa = PBXFileReference; lastKnownFileType = folder.assetcatalog; path = Assets.xcassets; sourceTree = "<group>"; };
		4099E10D2BF7EC57002A9440 /* Preview Assets.xcassets */ = {isa = PBXFileReference; lastKnownFileType = folder.assetcatalog; path = "Preview Assets.xcassets"; sourceTree = "<group>"; };
		40A502102BFE6BA0000B1D57 /* RewardManager.swift */ = {isa = PBXFileReference; lastKnownFileType = sourcecode.swift; path = RewardManager.swift; sourceTree = "<group>"; };
		43A9F8A22BFFC24D005AEE82 /* ItemSearchComponent.swift */ = {isa = PBXFileReference; lastKnownFileType = sourcecode.swift; path = ItemSearchComponent.swift; sourceTree = "<group>"; };
		81AED60F2BFBBD71005F471D /* MiniChallenge05 Watch App.entitlements */ = {isa = PBXFileReference; lastKnownFileType = text.plist.entitlements; path = "MiniChallenge05 Watch App.entitlements"; sourceTree = "<group>"; };
		81AED6102BFBBDAF005F471D /* MiniChallenge05-Watch-App-Info.plist */ = {isa = PBXFileReference; lastKnownFileType = text.plist; path = "MiniChallenge05-Watch-App-Info.plist"; sourceTree = SOURCE_ROOT; };
		81AED6112BFE689E005F471D /* DailyMissionComponent.swift */ = {isa = PBXFileReference; lastKnownFileType = sourcecode.swift; path = DailyMissionComponent.swift; sourceTree = "<group>"; };
		81AED6152C05001C005F471D /* MissionCounterComponent.swift */ = {isa = PBXFileReference; lastKnownFileType = sourcecode.swift; path = MissionCounterComponent.swift; sourceTree = "<group>"; };
		81AED61B2C07AEE9005F471D /* AgentProgressView.swift */ = {isa = PBXFileReference; lastKnownFileType = sourcecode.swift; path = AgentProgressView.swift; sourceTree = "<group>"; };
		81AED61D2C07B245005F471D /* MainView.swift */ = {isa = PBXFileReference; lastKnownFileType = sourcecode.swift; path = MainView.swift; sourceTree = "<group>"; };
		81AED6222C0E3685005F471D /* CircularProgressComponent.swift */ = {isa = PBXFileReference; lastKnownFileType = sourcecode.swift; name = CircularProgressComponent.swift; path = "../../../../../../../../.Trash/MiniChallenge05/MiniChallenge05/MiniChallenge05 Watch App/Components/ItemSearchComponents/CircularProgressComponent.swift"; sourceTree = "<group>"; };
		81AED6242C0E36D6005F471D /* CircularInformationComponent.swift */ = {isa = PBXFileReference; lastKnownFileType = sourcecode.swift; path = CircularInformationComponent.swift; sourceTree = "<group>"; };
		81AED6282C0E3A13005F471D /* Color.swift */ = {isa = PBXFileReference; lastKnownFileType = sourcecode.swift; path = Color.swift; sourceTree = "<group>"; };
		81AED62A2C0E3D4E005F471D /* Localizable.xcstrings */ = {isa = PBXFileReference; lastKnownFileType = text.json.xcstrings; path = Localizable.xcstrings; sourceTree = "<group>"; };
/* End PBXFileReference section */

/* Begin PBXFrameworksBuildPhase section */
		4099E0FE2BF7EC56002A9440 /* Frameworks */ = {
			isa = PBXFrameworksBuildPhase;
			buildActionMask = 2147483647;
			files = (
			);
			runOnlyForDeploymentPostprocessing = 0;
		};
/* End PBXFrameworksBuildPhase section */

/* Begin PBXGroup section */
		4019DD842BFBD07700AA61D9 /* Model */ = {
			isa = PBXGroup;
			children = (
				4019DD852BFBD09700AA61D9 /* Model.swift */,
			);
			path = Model;
			sourceTree = "<group>";
		};
		4019DD872BFBD2DB00AA61D9 /* Views */ = {
			isa = PBXGroup;
			children = (
				4099E1082BF7EC56002A9440 /* ContentView.swift */,
				4095670F2BFD25D600B9A506 /* DistanceView.swift */,
				2ED1E4B42C0119210073AF9A /* RankView.swift */,
				81AED61B2C07AEE9005F471D /* AgentProgressView.swift */,
				81AED61D2C07B245005F471D /* MainView.swift */,
			);
			path = Views;
			sourceTree = "<group>";
		};
		4019DD882BFBD30700AA61D9 /* Components */ = {
			isa = PBXGroup;
			children = (
				81AED6212C0E3659005F471D /* ItemSearchComponents */,
				4019DD892BFBD41100AA61D9 /* BPMComponent.swift */,
				81AED6112BFE689E005F471D /* DailyMissionComponent.swift */,
				406954A32C0007D500105FF3 /* TotalDistanceComponent.swift */,
				2EE53CAF2BFFC3A50071559A /* InventoryComponent.swift */,
				2ED1E4B22C010D7F0073AF9A /* RankComponent.swift */,
				81AED6152C05001C005F471D /* MissionCounterComponent.swift */,
				2ED1E4B72C0524210073AF9A /* RankRecruit.swift */,
				2ED1E4B92C0524B10073AF9A /* RankNoob.swift */,
				2ED1E4BB2C0524DE0073AF9A /* RankTactical.swift */,
				2ED1E4BD2C0524F80073AF9A /* RankSpecial.swift */,
				2ED1E4BF2C0525060073AF9A /* RankMaster.swift */,
			);
			path = Components;
			sourceTree = "<group>";
		};
		4099E0F42BF7EC56002A9440 = {
			isa = PBXGroup;
			children = (
				4099E1052BF7EC56002A9440 /* MiniChallenge05 Watch App */,
				4099E0FC2BF7EC56002A9440 /* Products */,
			);
			sourceTree = "<group>";
		};
		4099E0FC2BF7EC56002A9440 /* Products */ = {
			isa = PBXGroup;
			children = (
				4099E0FB2BF7EC56002A9440 /* MiniChallenge05.app */,
				4099E1012BF7EC56002A9440 /* MiniChallenge05 Watch App.app */,
			);
			name = Products;
			sourceTree = "<group>";
		};
		4099E1052BF7EC56002A9440 /* MiniChallenge05 Watch App */ = {
			isa = PBXGroup;
			children = (
				81AED6272C0E39FF005F471D /* Utility */,
				81AED6262C0E375B005F471D /* Managers */,
				4019DD882BFBD30700AA61D9 /* Components */,
				4019DD872BFBD2DB00AA61D9 /* Views */,
				4019DD842BFBD07700AA61D9 /* Model */,
				81AED6102BFBBDAF005F471D /* MiniChallenge05-Watch-App-Info.plist */,
				81AED60F2BFBBD71005F471D /* MiniChallenge05 Watch App.entitlements */,
				4099E1062BF7EC56002A9440 /* MiniChallenge05App.swift */,
				4099E10A2BF7EC57002A9440 /* Assets.xcassets */,
				4099E10C2BF7EC57002A9440 /* Preview Content */,
			);
			path = "MiniChallenge05 Watch App";
			sourceTree = "<group>";
		};
		4099E10C2BF7EC57002A9440 /* Preview Content */ = {
			isa = PBXGroup;
			children = (
				4099E10D2BF7EC57002A9440 /* Preview Assets.xcassets */,
			);
			path = "Preview Content";
			sourceTree = "<group>";
		};
		81AED6212C0E3659005F471D /* ItemSearchComponents */ = {
			isa = PBXGroup;
			children = (
				43A9F8A22BFFC24D005AEE82 /* ItemSearchComponent.swift */,
				81AED6222C0E3685005F471D /* CircularProgressComponent.swift */,
				81AED6242C0E36D6005F471D /* CircularInformationComponent.swift */,
			);
			path = ItemSearchComponents;
			sourceTree = "<group>";
		};
		81AED6262C0E375B005F471D /* Managers */ = {
			isa = PBXGroup;
			children = (
				4095670B2BFD1B0A00B9A506 /* HealthKitManager.swift */,
				40A502102BFE6BA0000B1D57 /* RewardManager.swift */,
			);
			path = Managers;
			sourceTree = "<group>";
		};
		81AED6272C0E39FF005F471D /* Utility */ = {
			isa = PBXGroup;
			children = (
				81AED6282C0E3A13005F471D /* Color.swift */,
				81AED62A2C0E3D4E005F471D /* Localizable.xcstrings */,
			);
			path = Utility;
			sourceTree = "<group>";
		};
/* End PBXGroup section */

/* Begin PBXNativeTarget section */
		4099E0FA2BF7EC56002A9440 /* MiniChallenge05 */ = {
			isa = PBXNativeTarget;
			buildConfigurationList = 4099E1152BF7EC57002A9440 /* Build configuration list for PBXNativeTarget "MiniChallenge05" */;
			buildPhases = (
				4099E0F92BF7EC56002A9440 /* Resources */,
				4099E1142BF7EC57002A9440 /* Embed Watch Content */,
			);
			buildRules = (
			);
			dependencies = (
				4099E1042BF7EC56002A9440 /* PBXTargetDependency */,
			);
			name = MiniChallenge05;
			productName = MiniChallenge05;
			productReference = 4099E0FB2BF7EC56002A9440 /* MiniChallenge05.app */;
			productType = "com.apple.product-type.application.watchapp2-container";
		};
		4099E1002BF7EC56002A9440 /* MiniChallenge05 Watch App */ = {
			isa = PBXNativeTarget;
			buildConfigurationList = 4099E1112BF7EC57002A9440 /* Build configuration list for PBXNativeTarget "MiniChallenge05 Watch App" */;
			buildPhases = (
				4099E0FD2BF7EC56002A9440 /* Sources */,
				4099E0FE2BF7EC56002A9440 /* Frameworks */,
				4099E0FF2BF7EC56002A9440 /* Resources */,
			);
			buildRules = (
			);
			dependencies = (
			);
			name = "MiniChallenge05 Watch App";
			productName = "MiniChallenge05 Watch App";
			productReference = 4099E1012BF7EC56002A9440 /* MiniChallenge05 Watch App.app */;
			productType = "com.apple.product-type.application";
		};
/* End PBXNativeTarget section */

/* Begin PBXProject section */
		4099E0F52BF7EC56002A9440 /* Project object */ = {
			isa = PBXProject;
			attributes = {
				BuildIndependentTargetsInParallel = 1;
				LastSwiftUpdateCheck = 1540;
				LastUpgradeCheck = 1540;
				TargetAttributes = {
					4099E0FA2BF7EC56002A9440 = {
						CreatedOnToolsVersion = 15.4;
					};
					4099E1002BF7EC56002A9440 = {
						CreatedOnToolsVersion = 15.4;
					};
				};
			};
			buildConfigurationList = 4099E0F82BF7EC56002A9440 /* Build configuration list for PBXProject "MiniChallenge05" */;
			compatibilityVersion = "Xcode 14.0";
			developmentRegion = en;
			hasScannedForEncodings = 0;
			knownRegions = (
				en,
				Base,
				"pt-BR",
			);
			mainGroup = 4099E0F42BF7EC56002A9440;
			productRefGroup = 4099E0FC2BF7EC56002A9440 /* Products */;
			projectDirPath = "";
			projectRoot = "";
			targets = (
				4099E0FA2BF7EC56002A9440 /* MiniChallenge05 */,
				4099E1002BF7EC56002A9440 /* MiniChallenge05 Watch App */,
			);
		};
/* End PBXProject section */

/* Begin PBXResourcesBuildPhase section */
		4099E0F92BF7EC56002A9440 /* Resources */ = {
			isa = PBXResourcesBuildPhase;
			buildActionMask = 2147483647;
			files = (
			);
			runOnlyForDeploymentPostprocessing = 0;
		};
		4099E0FF2BF7EC56002A9440 /* Resources */ = {
			isa = PBXResourcesBuildPhase;
			buildActionMask = 2147483647;
			files = (
				4099E10E2BF7EC57002A9440 /* Preview Assets.xcassets in Resources */,
				4099E10B2BF7EC57002A9440 /* Assets.xcassets in Resources */,
				81AED62B2C0E3D4E005F471D /* Localizable.xcstrings in Resources */,
			);
			runOnlyForDeploymentPostprocessing = 0;
		};
/* End PBXResourcesBuildPhase section */

/* Begin PBXSourcesBuildPhase section */
		4099E0FD2BF7EC56002A9440 /* Sources */ = {
			isa = PBXSourcesBuildPhase;
			buildActionMask = 2147483647;
			files = (
				4019DD862BFBD09700AA61D9 /* Model.swift in Sources */,
				81AED61E2C07B245005F471D /* MainView.swift in Sources */,
				2ED1E4B82C0524210073AF9A /* RankRecruit.swift in Sources */,
				2ED1E4B32C010D7F0073AF9A /* RankComponent.swift in Sources */,
				40A502112BFE6BA0000B1D57 /* RewardManager.swift in Sources */,
				81AED6292C0E3A13005F471D /* Color.swift in Sources */,
				81AED6162C05001C005F471D /* MissionCounterComponent.swift in Sources */,
				4099E1092BF7EC56002A9440 /* ContentView.swift in Sources */,
				2ED1E4C02C0525060073AF9A /* RankMaster.swift in Sources */,
				2ED1E4B52C0119210073AF9A /* RankView.swift in Sources */,
				2EE53CB02BFFC3A50071559A /* InventoryComponent.swift in Sources */,
				2ED1E4BA2C0524B10073AF9A /* RankNoob.swift in Sources */,
				409567102BFD25D600B9A506 /* DistanceView.swift in Sources */,
				81AED6252C0E36D6005F471D /* CircularInformationComponent.swift in Sources */,
				2ED1E4BE2C0524F80073AF9A /* RankSpecial.swift in Sources */,
				4099E1072BF7EC56002A9440 /* MiniChallenge05App.swift in Sources */,
				81AED6122BFE689E005F471D /* DailyMissionComponent.swift in Sources */,
				43A9F8A32BFFC24D005AEE82 /* ItemSearchComponent.swift in Sources */,
				4095670C2BFD1B0A00B9A506 /* HealthKitManager.swift in Sources */,
				81AED6232C0E3685005F471D /* CircularProgressComponent.swift in Sources */,
				2ED1E4BC2C0524DE0073AF9A /* RankTactical.swift in Sources */,
				81AED61C2C07AEE9005F471D /* AgentProgressView.swift in Sources */,
				406954A42C0007D500105FF3 /* TotalDistanceComponent.swift in Sources */,
				4019DD8A2BFBD41100AA61D9 /* BPMComponent.swift in Sources */,
			);
			runOnlyForDeploymentPostprocessing = 0;
		};
/* End PBXSourcesBuildPhase section */

/* Begin PBXTargetDependency section */
		4099E1042BF7EC56002A9440 /* PBXTargetDependency */ = {
			isa = PBXTargetDependency;
			target = 4099E1002BF7EC56002A9440 /* MiniChallenge05 Watch App */;
			targetProxy = 4099E1032BF7EC56002A9440 /* PBXContainerItemProxy */;
		};
/* End PBXTargetDependency section */

/* Begin XCBuildConfiguration section */
		4099E10F2BF7EC57002A9440 /* Debug */ = {
			isa = XCBuildConfiguration;
			buildSettings = {
				ALWAYS_SEARCH_USER_PATHS = NO;
				ASSETCATALOG_COMPILER_GENERATE_SWIFT_ASSET_SYMBOL_EXTENSIONS = YES;
				CLANG_ANALYZER_NONNULL = YES;
				CLANG_ANALYZER_NUMBER_OBJECT_CONVERSION = YES_AGGRESSIVE;
				CLANG_CXX_LANGUAGE_STANDARD = "gnu++20";
				CLANG_ENABLE_MODULES = YES;
				CLANG_ENABLE_OBJC_ARC = YES;
				CLANG_ENABLE_OBJC_WEAK = YES;
				CLANG_WARN_BLOCK_CAPTURE_AUTORELEASING = YES;
				CLANG_WARN_BOOL_CONVERSION = YES;
				CLANG_WARN_COMMA = YES;
				CLANG_WARN_CONSTANT_CONVERSION = YES;
				CLANG_WARN_DEPRECATED_OBJC_IMPLEMENTATIONS = YES;
				CLANG_WARN_DIRECT_OBJC_ISA_USAGE = YES_ERROR;
				CLANG_WARN_DOCUMENTATION_COMMENTS = YES;
				CLANG_WARN_EMPTY_BODY = YES;
				CLANG_WARN_ENUM_CONVERSION = YES;
				CLANG_WARN_INFINITE_RECURSION = YES;
				CLANG_WARN_INT_CONVERSION = YES;
				CLANG_WARN_NON_LITERAL_NULL_CONVERSION = YES;
				CLANG_WARN_OBJC_IMPLICIT_RETAIN_SELF = YES;
				CLANG_WARN_OBJC_LITERAL_CONVERSION = YES;
				CLANG_WARN_OBJC_ROOT_CLASS = YES_ERROR;
				CLANG_WARN_QUOTED_INCLUDE_IN_FRAMEWORK_HEADER = YES;
				CLANG_WARN_RANGE_LOOP_ANALYSIS = YES;
				CLANG_WARN_STRICT_PROTOTYPES = YES;
				CLANG_WARN_SUSPICIOUS_MOVE = YES;
				CLANG_WARN_UNGUARDED_AVAILABILITY = YES_AGGRESSIVE;
				CLANG_WARN_UNREACHABLE_CODE = YES;
				CLANG_WARN__DUPLICATE_METHOD_MATCH = YES;
				COPY_PHASE_STRIP = NO;
				DEBUG_INFORMATION_FORMAT = dwarf;
				ENABLE_STRICT_OBJC_MSGSEND = YES;
				ENABLE_TESTABILITY = YES;
				ENABLE_USER_SCRIPT_SANDBOXING = YES;
				GCC_C_LANGUAGE_STANDARD = gnu17;
				GCC_DYNAMIC_NO_PIC = NO;
				GCC_NO_COMMON_BLOCKS = YES;
				GCC_OPTIMIZATION_LEVEL = 0;
				GCC_PREPROCESSOR_DEFINITIONS = (
					"DEBUG=1",
					"$(inherited)",
				);
				GCC_WARN_64_TO_32_BIT_CONVERSION = YES;
				GCC_WARN_ABOUT_RETURN_TYPE = YES_ERROR;
				GCC_WARN_UNDECLARED_SELECTOR = YES;
				GCC_WARN_UNINITIALIZED_AUTOS = YES_AGGRESSIVE;
				GCC_WARN_UNUSED_FUNCTION = YES;
				GCC_WARN_UNUSED_VARIABLE = YES;
				LOCALIZATION_PREFERS_STRING_CATALOGS = YES;
				MTL_ENABLE_DEBUG_INFO = INCLUDE_SOURCE;
				MTL_FAST_MATH = YES;
				ONLY_ACTIVE_ARCH = YES;
				SWIFT_ACTIVE_COMPILATION_CONDITIONS = "DEBUG $(inherited)";
				SWIFT_OPTIMIZATION_LEVEL = "-Onone";
			};
			name = Debug;
		};
		4099E1102BF7EC57002A9440 /* Release */ = {
			isa = XCBuildConfiguration;
			buildSettings = {
				ALWAYS_SEARCH_USER_PATHS = NO;
				ASSETCATALOG_COMPILER_GENERATE_SWIFT_ASSET_SYMBOL_EXTENSIONS = YES;
				CLANG_ANALYZER_NONNULL = YES;
				CLANG_ANALYZER_NUMBER_OBJECT_CONVERSION = YES_AGGRESSIVE;
				CLANG_CXX_LANGUAGE_STANDARD = "gnu++20";
				CLANG_ENABLE_MODULES = YES;
				CLANG_ENABLE_OBJC_ARC = YES;
				CLANG_ENABLE_OBJC_WEAK = YES;
				CLANG_WARN_BLOCK_CAPTURE_AUTORELEASING = YES;
				CLANG_WARN_BOOL_CONVERSION = YES;
				CLANG_WARN_COMMA = YES;
				CLANG_WARN_CONSTANT_CONVERSION = YES;
				CLANG_WARN_DEPRECATED_OBJC_IMPLEMENTATIONS = YES;
				CLANG_WARN_DIRECT_OBJC_ISA_USAGE = YES_ERROR;
				CLANG_WARN_DOCUMENTATION_COMMENTS = YES;
				CLANG_WARN_EMPTY_BODY = YES;
				CLANG_WARN_ENUM_CONVERSION = YES;
				CLANG_WARN_INFINITE_RECURSION = YES;
				CLANG_WARN_INT_CONVERSION = YES;
				CLANG_WARN_NON_LITERAL_NULL_CONVERSION = YES;
				CLANG_WARN_OBJC_IMPLICIT_RETAIN_SELF = YES;
				CLANG_WARN_OBJC_LITERAL_CONVERSION = YES;
				CLANG_WARN_OBJC_ROOT_CLASS = YES_ERROR;
				CLANG_WARN_QUOTED_INCLUDE_IN_FRAMEWORK_HEADER = YES;
				CLANG_WARN_RANGE_LOOP_ANALYSIS = YES;
				CLANG_WARN_STRICT_PROTOTYPES = YES;
				CLANG_WARN_SUSPICIOUS_MOVE = YES;
				CLANG_WARN_UNGUARDED_AVAILABILITY = YES_AGGRESSIVE;
				CLANG_WARN_UNREACHABLE_CODE = YES;
				CLANG_WARN__DUPLICATE_METHOD_MATCH = YES;
				COPY_PHASE_STRIP = NO;
				DEBUG_INFORMATION_FORMAT = "dwarf-with-dsym";
				ENABLE_NS_ASSERTIONS = NO;
				ENABLE_STRICT_OBJC_MSGSEND = YES;
				ENABLE_USER_SCRIPT_SANDBOXING = YES;
				GCC_C_LANGUAGE_STANDARD = gnu17;
				GCC_NO_COMMON_BLOCKS = YES;
				GCC_WARN_64_TO_32_BIT_CONVERSION = YES;
				GCC_WARN_ABOUT_RETURN_TYPE = YES_ERROR;
				GCC_WARN_UNDECLARED_SELECTOR = YES;
				GCC_WARN_UNINITIALIZED_AUTOS = YES_AGGRESSIVE;
				GCC_WARN_UNUSED_FUNCTION = YES;
				GCC_WARN_UNUSED_VARIABLE = YES;
				LOCALIZATION_PREFERS_STRING_CATALOGS = YES;
				MTL_ENABLE_DEBUG_INFO = NO;
				MTL_FAST_MATH = YES;
				SWIFT_COMPILATION_MODE = wholemodule;
			};
			name = Release;
		};
		4099E1122BF7EC57002A9440 /* Debug */ = {
			isa = XCBuildConfiguration;
			buildSettings = {
				ASSETCATALOG_COMPILER_APPICON_NAME = AppIcon;
				ASSETCATALOG_COMPILER_GLOBAL_ACCENT_COLOR_NAME = AccentColor;
				CODE_SIGN_ENTITLEMENTS = "MiniChallenge05 Watch App/MiniChallenge05 Watch App.entitlements";
				CODE_SIGN_STYLE = Automatic;
				CURRENT_PROJECT_VERSION = 1;
				DEVELOPMENT_ASSET_PATHS = "\"MiniChallenge05 Watch App/Preview Content\"";
				DEVELOPMENT_TEAM = 3XAB48JYXN;
				ENABLE_PREVIEWS = YES;
				GENERATE_INFOPLIST_FILE = YES;
				INFOPLIST_FILE = "MiniChallenge05-Watch-App-Info.plist";
				INFOPLIST_KEY_CFBundleDisplayName = MiniChallenge05;
				INFOPLIST_KEY_NSHealthShareUsageDescription = "We need ypur authorization to track your steps and BPM";
				INFOPLIST_KEY_NSHealthUpdateUsageDescription = "We need ypur authorization to track your steps and BPM";
				INFOPLIST_KEY_UISupportedInterfaceOrientations = "UIInterfaceOrientationPortrait UIInterfaceOrientationPortraitUpsideDown";
				INFOPLIST_KEY_WKWatchOnly = YES;
				LD_RUNPATH_SEARCH_PATHS = (
					"$(inherited)",
					"@executable_path/Frameworks",
				);
				MARKETING_VERSION = 1.0;
				PRODUCT_BUNDLE_IDENTIFIER = com.GuilhermeNunesLobo.MiniChallenge05.watchkitapp;
				PRODUCT_NAME = "$(TARGET_NAME)";
				SDKROOT = watchos;
				SKIP_INSTALL = YES;
				SWIFT_EMIT_LOC_STRINGS = YES;
				SWIFT_VERSION = 5.0;
				TARGETED_DEVICE_FAMILY = 4;
				WATCHOS_DEPLOYMENT_TARGET = 10.5;
			};
			name = Debug;
		};
		4099E1132BF7EC57002A9440 /* Release */ = {
			isa = XCBuildConfiguration;
			buildSettings = {
				ASSETCATALOG_COMPILER_APPICON_NAME = AppIcon;
				ASSETCATALOG_COMPILER_GLOBAL_ACCENT_COLOR_NAME = AccentColor;
				CODE_SIGN_ENTITLEMENTS = "MiniChallenge05 Watch App/MiniChallenge05 Watch App.entitlements";
				CODE_SIGN_STYLE = Automatic;
				CURRENT_PROJECT_VERSION = 1;
				DEVELOPMENT_ASSET_PATHS = "\"MiniChallenge05 Watch App/Preview Content\"";
				DEVELOPMENT_TEAM = 3XAB48JYXN;
				ENABLE_PREVIEWS = YES;
				GENERATE_INFOPLIST_FILE = YES;
				INFOPLIST_FILE = "MiniChallenge05-Watch-App-Info.plist";
				INFOPLIST_KEY_CFBundleDisplayName = MiniChallenge05;
				INFOPLIST_KEY_NSHealthShareUsageDescription = "We need ypur authorization to track your steps and BPM";
				INFOPLIST_KEY_NSHealthUpdateUsageDescription = "We need ypur authorization to track your steps and BPM";
				INFOPLIST_KEY_UISupportedInterfaceOrientations = "UIInterfaceOrientationPortrait UIInterfaceOrientationPortraitUpsideDown";
				INFOPLIST_KEY_WKWatchOnly = YES;
				LD_RUNPATH_SEARCH_PATHS = (
					"$(inherited)",
					"@executable_path/Frameworks",
				);
				MARKETING_VERSION = 1.0;
				PRODUCT_BUNDLE_IDENTIFIER = com.GuilhermeNunesLobo.MiniChallenge05.watchkitapp;
				PRODUCT_NAME = "$(TARGET_NAME)";
				SDKROOT = watchos;
				SKIP_INSTALL = YES;
				SWIFT_EMIT_LOC_STRINGS = YES;
				SWIFT_VERSION = 5.0;
				TARGETED_DEVICE_FAMILY = 4;
				VALIDATE_PRODUCT = YES;
				WATCHOS_DEPLOYMENT_TARGET = 10.5;
			};
			name = Release;
		};
		4099E1162BF7EC57002A9440 /* Debug */ = {
			isa = XCBuildConfiguration;
			buildSettings = {
				ALWAYS_EMBED_SWIFT_STANDARD_LIBRARIES = YES;
				CODE_SIGN_STYLE = Automatic;
				CURRENT_PROJECT_VERSION = 1;
				DEVELOPMENT_TEAM = 3XAB48JYXN;
				INFOPLIST_KEY_CFBundleDisplayName = MiniChallenge05;
				MARKETING_VERSION = 1.0;
				PRODUCT_BUNDLE_IDENTIFIER = com.GuilhermeNunesLobo.MiniChallenge05;
				PRODUCT_NAME = "$(TARGET_NAME)";
				SDKROOT = iphoneos;
				SWIFT_VERSION = 5.0;
			};
			name = Debug;
		};
		4099E1172BF7EC57002A9440 /* Release */ = {
			isa = XCBuildConfiguration;
			buildSettings = {
				ALWAYS_EMBED_SWIFT_STANDARD_LIBRARIES = YES;
				CODE_SIGN_STYLE = Automatic;
				CURRENT_PROJECT_VERSION = 1;
				DEVELOPMENT_TEAM = 3XAB48JYXN;
				INFOPLIST_KEY_CFBundleDisplayName = MiniChallenge05;
				MARKETING_VERSION = 1.0;
				PRODUCT_BUNDLE_IDENTIFIER = com.GuilhermeNunesLobo.MiniChallenge05;
				PRODUCT_NAME = "$(TARGET_NAME)";
				SDKROOT = iphoneos;
				SWIFT_VERSION = 5.0;
				VALIDATE_PRODUCT = YES;
			};
			name = Release;
		};
/* End XCBuildConfiguration section */

/* Begin XCConfigurationList section */
		4099E0F82BF7EC56002A9440 /* Build configuration list for PBXProject "MiniChallenge05" */ = {
			isa = XCConfigurationList;
			buildConfigurations = (
				4099E10F2BF7EC57002A9440 /* Debug */,
				4099E1102BF7EC57002A9440 /* Release */,
			);
			defaultConfigurationIsVisible = 0;
			defaultConfigurationName = Release;
		};
		4099E1112BF7EC57002A9440 /* Build configuration list for PBXNativeTarget "MiniChallenge05 Watch App" */ = {
			isa = XCConfigurationList;
			buildConfigurations = (
				4099E1122BF7EC57002A9440 /* Debug */,
				4099E1132BF7EC57002A9440 /* Release */,
			);
			defaultConfigurationIsVisible = 0;
			defaultConfigurationName = Release;
		};
		4099E1152BF7EC57002A9440 /* Build configuration list for PBXNativeTarget "MiniChallenge05" */ = {
			isa = XCConfigurationList;
			buildConfigurations = (
				4099E1162BF7EC57002A9440 /* Debug */,
				4099E1172BF7EC57002A9440 /* Release */,
			);
			defaultConfigurationIsVisible = 0;
			defaultConfigurationName = Release;
		};
/* End XCConfigurationList section */
	};
	rootObject = 4099E0F52BF7EC56002A9440 /* Project object */;
}
